{
  "name": "capstone",
  "version": "1.0.0",
  "lockfileVersion": 1,
  "requires": true,
  "dependencies": {
    "@fortawesome/fontawesome-free": {
      "version": "5.12.0",
      "resolved": "https://registry.npmjs.org/@fortawesome/fontawesome-free/-/fontawesome-free-5.12.0.tgz",
      "integrity": "sha512-vKDJUuE2GAdBERaQWmmtsciAMzjwNrROXA5KTGSZvayAsmuTGjam5z6QNqNPCwDfVljLWuov1nEC3mEQf/n6fQ=="
    },
    "material-icons": {
      "version": "0.3.1",
      "resolved": "https://registry.npmjs.org/material-icons/-/material-icons-0.3.1.tgz",
      "integrity": "sha512-5Hbj76A6xDPcDZEbM4oxTknhWuMwGWnAHVLLPCEq9eVlcHb0fn4koU9ZeyMy1wjARtDEPAHfd5ZdL2Re5hf0zQ=="
    }
  }
}
